
Microsoft Visual Studio Solution File, Format Version 12.00
# Visual Studio Version 17
VisualStudioVersion = 17.2.32519.379
MinimumVisualStudioVersion = 10.0.40219.1
Project("{FAE04EC0-301F-11D3-BF4B-00C04F79EFBC}") = "QRwpf", "QRwpf\QRwpf.csproj", "{6CF47DF7-C7CD-4BCA-AF96-91BEB889CEC6}"
EndProject
Global
	GlobalSection(SolutionConfigurationPlatforms) = preSolution
		Debug|Any CPU = Debug|Any CPU
		Release|Any CPU = Release|Any CPU
	EndGlobalSection
	GlobalSection(ProjectConfigurationPlatforms) = postSolution
		{6CF47DF7-C7CD-4BCA-AF96-91BEB889CEC6}.Debug|Any CPU.ActiveCfg = Debug|Any CPU
		{6CF47DF7-C7CD-4BCA-AF96-91BEB889CEC6}.Debug|Any CPU.Build.0 = Debug|Any CPU
		{6CF47DF7-C7CD-4BCA-AF96-91BEB889CEC6}.Release|Any CPU.ActiveCfg = Release|Any CPU
		{6CF47DF7-C7CD-4BCA-AF96-91BEB889CEC6}.Release|Any CPU.Build.0 = Release|Any CPU
	EndGlobalSection
	GlobalSection(SolutionProperties) = preSolution
		HideSolutionNode = FALSE
	EndGlobalSection
	GlobalSection(ExtensibilityGlobals) = postSolution
		SolutionGuid = {E80DA02D-03F2-483F-8E02-776BC6DC3E3E}
	EndGlobalSection
EndGlobal
